
Microsoft Visual Studio Solution File, Format Version 12.00
# Visual Studio 15
VisualStudioVersion = 15.0.28307.136
MinimumVisualStudioVersion = 10.0.40219.1
Project("{FAE04EC0-301F-11D3-BF4B-00C04F79EFBC}") = "Zajęcia10", "Zajęcia10\Zajęcia10.csproj", "{B941568A-37BF-45C0-B83B-97C1048B12B1}"
EndProject
Global
	GlobalSection(SolutionConfigurationPlatforms) = preSolution
		Debug|Any CPU = Debug|Any CPU
		Release|Any CPU = Release|Any CPU
	EndGlobalSection
	GlobalSection(ProjectConfigurationPlatforms) = postSolution
		{B941568A-37BF-45C0-B83B-97C1048B12B1}.Debug|Any CPU.ActiveCfg = Debug|Any CPU
		{B941568A-37BF-45C0-B83B-97C1048B12B1}.Debug|Any CPU.Build.0 = Debug|Any CPU
		{B941568A-37BF-45C0-B83B-97C1048B12B1}.Release|Any CPU.ActiveCfg = Release|Any CPU
		{B941568A-37BF-45C0-B83B-97C1048B12B1}.Release|Any CPU.Build.0 = Release|Any CPU
	EndGlobalSection
	GlobalSection(SolutionProperties) = preSolution
		HideSolutionNode = FALSE
	EndGlobalSection
	GlobalSection(ExtensibilityGlobals) = postSolution
		SolutionGuid = {B9A551A0-56D2-4554-A237-40EDC926E815}
	EndGlobalSection
EndGlobal
