
Microsoft Visual Studio Solution File, Format Version 12.00
# Visual Studio 15
VisualStudioVersion = 15.0.28307.136
MinimumVisualStudioVersion = 10.0.40219.1
Project("{FAE04EC0-301F-11D3-BF4B-00C04F79EFBC}") = "Zajęcia9", "Zajęcia9\Zajęcia9.csproj", "{BBF4FDD8-537D-4E8F-9B3C-AC2746BC61DD}"
EndProject
Global
	GlobalSection(SolutionConfigurationPlatforms) = preSolution
		Debug|Any CPU = Debug|Any CPU
		Release|Any CPU = Release|Any CPU
	EndGlobalSection
	GlobalSection(ProjectConfigurationPlatforms) = postSolution
		{BBF4FDD8-537D-4E8F-9B3C-AC2746BC61DD}.Debug|Any CPU.ActiveCfg = Debug|Any CPU
		{BBF4FDD8-537D-4E8F-9B3C-AC2746BC61DD}.Debug|Any CPU.Build.0 = Debug|Any CPU
		{BBF4FDD8-537D-4E8F-9B3C-AC2746BC61DD}.Release|Any CPU.ActiveCfg = Release|Any CPU
		{BBF4FDD8-537D-4E8F-9B3C-AC2746BC61DD}.Release|Any CPU.Build.0 = Release|Any CPU
	EndGlobalSection
	GlobalSection(SolutionProperties) = preSolution
		HideSolutionNode = FALSE
	EndGlobalSection
	GlobalSection(ExtensibilityGlobals) = postSolution
		SolutionGuid = {6F168E85-E546-4043-AB53-30FF20BC6F35}
	EndGlobalSection
EndGlobal
