
Microsoft Visual Studio Solution File, Format Version 12.00
# Visual Studio 15
VisualStudioVersion = 15.0.28307.136
MinimumVisualStudioVersion = 10.0.40219.1
Project("{FAE04EC0-301F-11D3-BF4B-00C04F79EFBC}") = "Wykład13", "Wykład13\Wykład13.csproj", "{6392A255-B4B7-47E1-86F3-DC9DF58F9B72}"
EndProject
Global
	GlobalSection(SolutionConfigurationPlatforms) = preSolution
		Debug|Any CPU = Debug|Any CPU
		Release|Any CPU = Release|Any CPU
	EndGlobalSection
	GlobalSection(ProjectConfigurationPlatforms) = postSolution
		{6392A255-B4B7-47E1-86F3-DC9DF58F9B72}.Debug|Any CPU.ActiveCfg = Debug|Any CPU
		{6392A255-B4B7-47E1-86F3-DC9DF58F9B72}.Debug|Any CPU.Build.0 = Debug|Any CPU
		{6392A255-B4B7-47E1-86F3-DC9DF58F9B72}.Release|Any CPU.ActiveCfg = Release|Any CPU
		{6392A255-B4B7-47E1-86F3-DC9DF58F9B72}.Release|Any CPU.Build.0 = Release|Any CPU
	EndGlobalSection
	GlobalSection(SolutionProperties) = preSolution
		HideSolutionNode = FALSE
	EndGlobalSection
	GlobalSection(ExtensibilityGlobals) = postSolution
		SolutionGuid = {4052C669-59E2-408F-9645-89A309DFCBE0}
	EndGlobalSection
EndGlobal
