
Microsoft Visual Studio Solution File, Format Version 12.00
# Visual Studio 15
VisualStudioVersion = 15.0.28307.136
MinimumVisualStudioVersion = 10.0.40219.1
Project("{FAE04EC0-301F-11D3-BF4B-00C04F79EFBC}") = "Zajęcia8_LINQ", "Zajęcia8_LINQ\Zajęcia8_LINQ.csproj", "{84DA9CC4-E59D-46F7-BB4B-6AC057E7FCCD}"
EndProject
Global
	GlobalSection(SolutionConfigurationPlatforms) = preSolution
		Debug|Any CPU = Debug|Any CPU
		Release|Any CPU = Release|Any CPU
	EndGlobalSection
	GlobalSection(ProjectConfigurationPlatforms) = postSolution
		{84DA9CC4-E59D-46F7-BB4B-6AC057E7FCCD}.Debug|Any CPU.ActiveCfg = Debug|Any CPU
		{84DA9CC4-E59D-46F7-BB4B-6AC057E7FCCD}.Debug|Any CPU.Build.0 = Debug|Any CPU
		{84DA9CC4-E59D-46F7-BB4B-6AC057E7FCCD}.Release|Any CPU.ActiveCfg = Release|Any CPU
		{84DA9CC4-E59D-46F7-BB4B-6AC057E7FCCD}.Release|Any CPU.Build.0 = Release|Any CPU
	EndGlobalSection
	GlobalSection(SolutionProperties) = preSolution
		HideSolutionNode = FALSE
	EndGlobalSection
	GlobalSection(ExtensibilityGlobals) = postSolution
		SolutionGuid = {BCB6D2AF-2517-4B12-82AB-9483BD07D18A}
	EndGlobalSection
EndGlobal
