
Microsoft Visual Studio Solution File, Format Version 12.00
# Visual Studio 15
VisualStudioVersion = 15.0.28307.136
MinimumVisualStudioVersion = 10.0.40219.1
Project("{FAE04EC0-301F-11D3-BF4B-00C04F79EFBC}") = "Zajęcia14_Kolos", "Zajęcia14_Kolos\Zajęcia14_Kolos.csproj", "{9769F8A9-264E-47DD-BCCC-036F23B04810}"
EndProject
Global
	GlobalSection(SolutionConfigurationPlatforms) = preSolution
		Debug|Any CPU = Debug|Any CPU
		Release|Any CPU = Release|Any CPU
	EndGlobalSection
	GlobalSection(ProjectConfigurationPlatforms) = postSolution
		{9769F8A9-264E-47DD-BCCC-036F23B04810}.Debug|Any CPU.ActiveCfg = Debug|Any CPU
		{9769F8A9-264E-47DD-BCCC-036F23B04810}.Debug|Any CPU.Build.0 = Debug|Any CPU
		{9769F8A9-264E-47DD-BCCC-036F23B04810}.Release|Any CPU.ActiveCfg = Release|Any CPU
		{9769F8A9-264E-47DD-BCCC-036F23B04810}.Release|Any CPU.Build.0 = Release|Any CPU
	EndGlobalSection
	GlobalSection(SolutionProperties) = preSolution
		HideSolutionNode = FALSE
	EndGlobalSection
	GlobalSection(ExtensibilityGlobals) = postSolution
		SolutionGuid = {33B6B4EB-C978-4E86-8323-E4D0B4EACA78}
	EndGlobalSection
EndGlobal
