
Microsoft Visual Studio Solution File, Format Version 12.00
# Visual Studio 15
VisualStudioVersion = 15.0.28307.136
MinimumVisualStudioVersion = 10.0.40219.1
Project("{FAE04EC0-301F-11D3-BF4B-00C04F79EFBC}") = "Wykład10_s", "Wykład10_s\Wykład10_s.csproj", "{CA05E62E-D21A-4AED-9E5B-04F0190F8F58}"
EndProject
Global
	GlobalSection(SolutionConfigurationPlatforms) = preSolution
		Debug|Any CPU = Debug|Any CPU
		Release|Any CPU = Release|Any CPU
	EndGlobalSection
	GlobalSection(ProjectConfigurationPlatforms) = postSolution
		{CA05E62E-D21A-4AED-9E5B-04F0190F8F58}.Debug|Any CPU.ActiveCfg = Debug|Any CPU
		{CA05E62E-D21A-4AED-9E5B-04F0190F8F58}.Debug|Any CPU.Build.0 = Debug|Any CPU
		{CA05E62E-D21A-4AED-9E5B-04F0190F8F58}.Release|Any CPU.ActiveCfg = Release|Any CPU
		{CA05E62E-D21A-4AED-9E5B-04F0190F8F58}.Release|Any CPU.Build.0 = Release|Any CPU
	EndGlobalSection
	GlobalSection(SolutionProperties) = preSolution
		HideSolutionNode = FALSE
	EndGlobalSection
	GlobalSection(ExtensibilityGlobals) = postSolution
		SolutionGuid = {18A01EEE-E8C7-4B19-BBF9-3FF5866669A5}
	EndGlobalSection
EndGlobal
