
Microsoft Visual Studio Solution File, Format Version 12.00
# Visual Studio 15
VisualStudioVersion = 15.0.28307.136
MinimumVisualStudioVersion = 10.0.40219.1
Project("{FAE04EC0-301F-11D3-BF4B-00C04F79EFBC}") = "Zajęcia7", "Zajęcia7\Zajęcia7.csproj", "{8B50A01E-881B-4854-8150-0869487702F7}"
EndProject
Global
	GlobalSection(SolutionConfigurationPlatforms) = preSolution
		Debug|Any CPU = Debug|Any CPU
		Release|Any CPU = Release|Any CPU
	EndGlobalSection
	GlobalSection(ProjectConfigurationPlatforms) = postSolution
		{8B50A01E-881B-4854-8150-0869487702F7}.Debug|Any CPU.ActiveCfg = Debug|Any CPU
		{8B50A01E-881B-4854-8150-0869487702F7}.Debug|Any CPU.Build.0 = Debug|Any CPU
		{8B50A01E-881B-4854-8150-0869487702F7}.Release|Any CPU.ActiveCfg = Release|Any CPU
		{8B50A01E-881B-4854-8150-0869487702F7}.Release|Any CPU.Build.0 = Release|Any CPU
	EndGlobalSection
	GlobalSection(SolutionProperties) = preSolution
		HideSolutionNode = FALSE
	EndGlobalSection
	GlobalSection(ExtensibilityGlobals) = postSolution
		SolutionGuid = {CED47125-4994-43CD-A4B9-34FB612E8A3B}
	EndGlobalSection
EndGlobal
